
Microsoft Visual Studio Solution File, Format Version 12.00
# Visual Studio 15
VisualStudioVersion = 15.0.27703.2000
MinimumVisualStudioVersion = 10.0.40219.1
Project("{FAE04EC0-301F-11D3-BF4B-00C04F79EFBC}") = "MarketPlaceCode", "MarketPlaceCode\MarketPlaceCode.csproj", "{A460C792-9F20-40FA-B4F7-04ED13226CFD}"
EndProject
Project("{E53339B2-1760-4266-BCC7-CA923CBCF16C}") = "docker-compose", "docker-compose.dcproj", "{855A9669-3007-4687-B2F8-FF31CD6E5890}"
EndProject
Global
	GlobalSection(SolutionConfigurationPlatforms) = preSolution
		Debug|Any CPU = Debug|Any CPU
		Release|Any CPU = Release|Any CPU
	EndGlobalSection
	GlobalSection(ProjectConfigurationPlatforms) = postSolution
		{A460C792-9F20-40FA-B4F7-04ED13226CFD}.Debug|Any CPU.ActiveCfg = Debug|Any CPU
		{A460C792-9F20-40FA-B4F7-04ED13226CFD}.Debug|Any CPU.Build.0 = Debug|Any CPU
		{A460C792-9F20-40FA-B4F7-04ED13226CFD}.Release|Any CPU.ActiveCfg = Release|Any CPU
		{A460C792-9F20-40FA-B4F7-04ED13226CFD}.Release|Any CPU.Build.0 = Release|Any CPU
		{855A9669-3007-4687-B2F8-FF31CD6E5890}.Debug|Any CPU.ActiveCfg = Debug|Any CPU
		{855A9669-3007-4687-B2F8-FF31CD6E5890}.Debug|Any CPU.Build.0 = Debug|Any CPU
		{855A9669-3007-4687-B2F8-FF31CD6E5890}.Release|Any CPU.ActiveCfg = Release|Any CPU
		{855A9669-3007-4687-B2F8-FF31CD6E5890}.Release|Any CPU.Build.0 = Release|Any CPU
	EndGlobalSection
	GlobalSection(SolutionProperties) = preSolution
		HideSolutionNode = FALSE
	EndGlobalSection
	GlobalSection(ExtensibilityGlobals) = postSolution
		SolutionGuid = {EC2CDC5C-779A-4780-BEE0-750034B202C5}
	EndGlobalSection
EndGlobal
